// !$*UTF8*$!
{
	archiveVersion = 1;
	classes = {
	};
	objectVersion = 46;
	objects = {

/* Begin PBXBuildFile section */
		C1CEC82C1CDB22DB002A198F /* AppDelegate.swift in Sources */ = {isa = PBXBuildFile; fileRef = C1CEC82B1CDB22DB002A198F /* AppDelegate.swift */; };
		C1CEC82E1CDB22DB002A198F /* ViewController.swift in Sources */ = {isa = PBXBuildFile; fileRef = C1CEC82D1CDB22DB002A198F /* ViewController.swift */; };
		C1CEC8311CDB22DB002A198F /* Main.storyboard in Resources */ = {isa = PBXBuildFile; fileRef = C1CEC82F1CDB22DB002A198F /* Main.storyboard */; };
		C1CEC8331CDB22DB002A198F /* Assets.xcassets in Resources */ = {isa = PBXBuildFile; fileRef = C1CEC8321CDB22DB002A198F /* Assets.xcassets */; };
		C1CEC8361CDB22DB002A198F /* LaunchScreen.storyboard in Resources */ = {isa = PBXBuildFile; fileRef = C1CEC8341CDB22DB002A198F /* LaunchScreen.storyboard */; };
		C1CEC83E1CDB2464002A198F /* UITextFieldExtension.swift in Sources */ = {isa = PBXBuildFile; fileRef = C1CEC83D1CDB2464002A198F /* UITextFieldExtension.swift */; };
/* End PBXBuildFile section */

/* Begin PBXFileReference section */
		C1CEC8281CDB22DB002A198F /* TextFieldExam.app */ = {isa = PBXFileReference; explicitFileType = wrapper.application; includeInIndex = 0; path = TextFieldExam.app; sourceTree = BUILT_PRODUCTS_DIR; };
		C1CEC82B1CDB22DB002A198F /* AppDelegate.swift */ = {isa = PBXFileReference; lastKnownFileType = sourcecode.swift; path = AppDelegate.swift; sourceTree = "<group>"; };
		C1CEC82D1CDB22DB002A198F /* ViewController.swift */ = {isa = PBXFileReference; lastKnownFileType = sourcecode.swift; path = ViewController.swift; sourceTree = "<group>"; };
		C1CEC8301CDB22DB002A198F /* Base */ = {isa = PBXFileReference; lastKnownFileType = file.storyboard; name = Base; path = Base.lproj/Main.storyboard; sourceTree = "<group>"; };
		C1CEC8321CDB22DB002A198F /* Assets.xcassets */ = {isa = PBXFileReference; lastKnownFileType = folder.assetcatalog; path = Assets.xcassets; sourceTree = "<group>"; };
		C1CEC8351CDB22DB002A198F /* Base */ = {isa = PBXFileReference; lastKnownFileType = file.storyboard; name = Base; path = Base.lproj/LaunchScreen.storyboard; sourceTree = "<group>"; };
		C1CEC8371CDB22DB002A198F /* Info.plist */ = {isa = PBXFileReference; lastKnownFileType = text.plist.xml; path = Info.plist; sourceTree = "<group>"; };
		C1CEC83D1CDB2464002A198F /* UITextFieldExtension.swift */ = {isa = PBXFileReference; fileEncoding = 4; lastKnownFileType = sourcecode.swift; path = UITextFieldExtension.swift; sourceTree = "<group>"; };
/* End PBXFileReference section */

/* Begin PBXFrameworksBuildPhase section */
		C1CEC8251CDB22DB002A198F /* Frameworks */ = {
			isa = PBXFrameworksBuildPhase;
			buildActionMask = 2147483647;
			files = (
			);
			runOnlyForDeploymentPostprocessing = 0;
		};
/* End PBXFrameworksBuildPhase section */

/* Begin PBXGroup section */
		C1CEC81F1CDB22DB002A198F = {
			isa = PBXGroup;
			children = (
				C1CEC82A1CDB22DB002A198F /* TextFieldExam */,
				C1CEC8291CDB22DB002A198F /* Products */,
			);
			sourceTree = "<group>";
		};
		C1CEC8291CDB22DB002A198F /* Products */ = {
			isa = PBXGroup;
			children = (
				C1CEC8281CDB22DB002A198F /* TextFieldExam.app */,
			);
			name = Products;
			sourceTree = "<group>";
		};
		C1CEC82A1CDB22DB002A198F /* TextFieldExam */ = {
			isa = PBXGroup;
			children = (
				C1CEC82B1CDB22DB002A198F /* AppDelegate.swift */,
				C1CEC82D1CDB22DB002A198F /* ViewController.swift */,
				C1CEC83D1CDB2464002A198F /* UITextFieldExtension.swift */,
				C1CEC82F1CDB22DB002A198F /* Main.storyboard */,
				C1CEC8321CDB22DB002A198F /* Assets.xcassets */,
				C1CEC8341CDB22DB002A198F /* LaunchScreen.storyboard */,
				C1CEC8371CDB22DB002A198F /* Info.plist */,
			);
			path = TextFieldExam;
			sourceTree = "<group>";
		};
/* End PBXGroup section */

/* Begin PBXNativeTarget section */
		C1CEC8271CDB22DB002A198F /* TextFieldExam */ = {
			isa = PBXNativeTarget;
			buildConfigurationList = C1CEC83A1CDB22DB002A198F /* Build configuration list for PBXNativeTarget "TextFieldExam" */;
			buildPhases = (
				C1CEC8241CDB22DB002A198F /* Sources */,
				C1CEC8251CDB22DB002A198F /* Frameworks */,
				C1CEC8261CDB22DB002A198F /* Resources */,
			);
			buildRules = (
			);
			dependencies = (
			);
			name = TextFieldExam;
			productName = TextFieldExam;
			productReference = C1CEC8281CDB22DB002A198F /* TextFieldExam.app */;
			productType = "com.apple.product-type.application";
		};
/* End PBXNativeTarget section */

/* Begin PBXProject section */
		C1CEC8201CDB22DB002A198F /* Project object */ = {
			isa = PBXProject;
			attributes = {
				LastSwiftUpdateCheck = 0730;
				LastUpgradeCheck = 0730;
				ORGANIZATIONNAME = Swifter;
				TargetAttributes = {
					C1CEC8271CDB22DB002A198F = {
						CreatedOnToolsVersion = 7.3;
					};
				};
			};
			buildConfigurationList = C1CEC8231CDB22DB002A198F /* Build configuration list for PBXProject "TextFieldExam" */;
			compatibilityVersion = "Xcode 3.2";
			developmentRegion = English;
			hasScannedForEncodings = 0;
			knownRegions = (
				en,
				Base,
			);
			mainGroup = C1CEC81F1CDB22DB002A198F;
			productRefGroup = C1CEC8291CDB22DB002A198F /* Products */;
			projectDirPath = "";
			projectRoot = "";
			targets = (
				C1CEC8271CDB22DB002A198F /* TextFieldExam */,
			);
		};
/* End PBXProject section */

/* Begin PBXResourcesBuildPhase section */
		C1CEC8261CDB22DB002A198F /* Resources */ = {
			isa = PBXResourcesBuildPhase;
			buildActionMask = 2147483647;
			files = (
				C1CEC8361CDB22DB002A198F /* LaunchScreen.storyboard in Resources */,
				C1CEC8331CDB22DB002A198F /* Assets.xcassets in Resources */,
				C1CEC8311CDB22DB002A198F /* Main.storyboard in Resources */,
			);
			runOnlyForDeploymentPostprocessing = 0;
		};
/* End PBXResourcesBuildPhase section */

/* Begin PBXSourcesBuildPhase section */
		C1CEC8241CDB22DB002A198F /* Sources */ = {
			isa = PBXSourcesBuildPhase;
			buildActionMask = 2147483647;
			files = (
				C1CEC82E1CDB22DB002A198F /* ViewController.swift in Sources */,
				C1CEC83E1CDB2464002A198F /* UITextFieldExtension.swift in Sources */,
				C1CEC82C1CDB22DB002A198F /* AppDelegate.swift in Sources */,
			);
			runOnlyForDeploymentPostprocessing = 0;
		};
/* End PBXSourcesBuildPhase section */

/* Begin PBXVariantGroup section */
		C1CEC82F1CDB22DB002A198F /* Main.storyboard */ = {
			isa = PBXVariantGroup;
			children = (
				C1CEC8301CDB22DB002A198F /* Base */,
			);
			name = Main.storyboard;
			sourceTree = "<group>";
		};
		C1CEC8341CDB22DB002A198F /* LaunchScreen.storyboard */ = {
			isa = PBXVariantGroup;
			children = (
				C1CEC8351CDB22DB002A198F /* Base */,
			);
			name = LaunchScreen.storyboard;
			sourceTree = "<group>";
		};
/* End PBXVariantGroup section */

/* Begin XCBuildConfiguration section */
		C1CEC8381CDB22DB002A198F /* Debug */ = {
			isa = XCBuildConfiguration;
			buildSettings = {
				ALWAYS_SEARCH_USER_PATHS = NO;
				CLANG_ANALYZER_NONNULL = YES;
				CLANG_CXX_LANGUAGE_STANDARD = "gnu++0x";
				CLANG_CXX_LIBRARY = "libc++";
				CLANG_ENABLE_MODULES = YES;
				CLANG_ENABLE_OBJC_ARC = YES;
				CLANG_WARN_BOOL_CONVERSION = YES;
				CLANG_WARN_CONSTANT_CONVERSION = YES;
				CLANG_WARN_DIRECT_OBJC_ISA_USAGE = YES_ERROR;
				CLANG_WARN_EMPTY_BODY = YES;
				CLANG_WARN_ENUM_CONVERSION = YES;
				CLANG_WARN_INT_CONVERSION = YES;
				CLANG_WARN_OBJC_ROOT_CLASS = YES_ERROR;
				CLANG_WARN_UNREACHABLE_CODE = YES;
				CLANG_WARN__DUPLICATE_METHOD_MATCH = YES;
				"CODE_SIGN_IDENTITY[sdk=iphoneos*]" = "iPhone Developer";
				COPY_PHASE_STRIP = NO;
				DEBUG_INFORMATION_FORMAT = dwarf;
				ENABLE_STRICT_OBJC_MSGSEND = YES;
				ENABLE_TESTABILITY = YES;
				GCC_C_LANGUAGE_STANDARD = gnu99;
				GCC_DYNAMIC_NO_PIC = NO;
				GCC_NO_COMMON_BLOCKS = YES;
				GCC_OPTIMIZATION_LEVEL = 0;
				GCC_PREPROCESSOR_DEFINITIONS = (
					"DEBUG=1",
					"$(inherited)",
				);
				GCC_WARN_64_TO_32_BIT_CONVERSION = YES;
				GCC_WARN_ABOUT_RETURN_TYPE = YES_ERROR;
				GCC_WARN_UNDECLARED_SELECTOR = YES;
				GCC_WARN_UNINITIALIZED_AUTOS = YES_AGGRESSIVE;
				GCC_WARN_UNUSED_FUNCTION = YES;
				GCC_WARN_UNUSED_VARIABLE = YES;
				IPHONEOS_DEPLOYMENT_TARGET = 9.3;
				MTL_ENABLE_DEBUG_INFO = YES;
				ONLY_ACTIVE_ARCH = YES;
				SDKROOT = iphoneos;
				SWIFT_OPTIMIZATION_LEVEL = "-Onone";
				TARGETED_DEVICE_FAMILY = "1,2";
			};
			name = Debug;
		};
		C1CEC8391CDB22DB002A198F /* Release */ = {
			isa = XCBuildConfiguration;
			buildSettings = {
				ALWAYS_SEARCH_USER_PATHS = NO;
				CLANG_ANALYZER_NONNULL = YES;
				CLANG_CXX_LANGUAGE_STANDARD = "gnu++0x";
				CLANG_CXX_LIBRARY = "libc++";
				CLANG_ENABLE_MODULES = YES;
				CLANG_ENABLE_OBJC_ARC = YES;
				CLANG_WARN_BOOL_CONVERSION = YES;
				CLANG_WARN_CONSTANT_CONVERSION = YES;
				CLANG_WARN_DIRECT_OBJC_ISA_USAGE = YES_ERROR;
				CLANG_WARN_EMPTY_BODY = YES;
				CLANG_WARN_ENUM_CONVERSION = YES;
				CLANG_WARN_INT_CONVERSION = YES;
				CLANG_WARN_OBJC_ROOT_CLASS = YES_ERROR;
				CLANG_WARN_UNREACHABLE_CODE = YES;
				CLANG_WARN__DUPLICATE_METHOD_MATCH = YES;
				"CODE_SIGN_IDENTITY[sdk=iphoneos*]" = "iPhone Developer";
				COPY_PHASE_STRIP = NO;
				DEBUG_INFORMATION_FORMAT = "dwarf-with-dsym";
				ENABLE_NS_ASSERTIONS = NO;
				ENABLE_STRICT_OBJC_MSGSEND = YES;
				GCC_C_LANGUAGE_STANDARD = gnu99;
				GCC_NO_COMMON_BLOCKS = YES;
				GCC_WARN_64_TO_32_BIT_CONVERSION = YES;
				GCC_WARN_ABOUT_RETURN_TYPE = YES_ERROR;
				GCC_WARN_UNDECLARED_SELECTOR = YES;
				GCC_WARN_UNINITIALIZED_AUTOS = YES_AGGRESSIVE;
				GCC_WARN_UNUSED_FUNCTION = YES;
				GCC_WARN_UNUSED_VARIABLE = YES;
				IPHONEOS_DEPLOYMENT_TARGET = 9.3;
				MTL_ENABLE_DEBUG_INFO = NO;
				SDKROOT = iphoneos;
				TARGETED_DEVICE_FAMILY = "1,2";
				VALIDATE_PRODUCT = YES;
			};
			name = Release;
		};
		C1CEC83B1CDB22DB002A198F /* Debug */ = {
			isa = XCBuildConfiguration;
			buildSettings = {
				ASSETCATALOG_COMPILER_APPICON_NAME = AppIcon;
				INFOPLIST_FILE = TextFieldExam/Info.plist;
				LD_RUNPATH_SEARCH_PATHS = "$(inherited) @executable_path/Frameworks";
				PRODUCT_BUNDLE_IDENTIFIER = kr.swifter.TextFieldExam;
				PRODUCT_NAME = "$(TARGET_NAME)";
			};
			name = Debug;
		};
		C1CEC83C1CDB22DB002A198F /* Release */ = {
			isa = XCBuildConfiguration;
			buildSettings = {
				ASSETCATALOG_COMPILER_APPICON_NAME = AppIcon;
				INFOPLIST_FILE = TextFieldExam/Info.plist;
				LD_RUNPATH_SEARCH_PATHS = "$(inherited) @executable_path/Frameworks";
				PRODUCT_BUNDLE_IDENTIFIER = kr.swifter.TextFieldExam;
				PRODUCT_NAME = "$(TARGET_NAME)";
			};
			name = Release;
		};
/* End XCBuildConfiguration section */

/* Begin XCConfigurationList section */
		C1CEC8231CDB22DB002A198F /* Build configuration list for PBXProject "TextFieldExam" */ = {
			isa = XCConfigurationList;
			buildConfigurations = (
				C1CEC8381CDB22DB002A198F /* Debug */,
				C1CEC8391CDB22DB002A198F /* Release */,
			);
			defaultConfigurationIsVisible = 0;
			defaultConfigurationName = Release;
		};
		C1CEC83A1CDB22DB002A198F /* Build configuration list for PBXNativeTarget "TextFieldExam" */ = {
			isa = XCConfigurationList;
			buildConfigurations = (
				C1CEC83B1CDB22DB002A198F /* Debug */,
				C1CEC83C1CDB22DB002A198F /* Release */,
			);
			defaultConfigurationIsVisible = 0;
		};
/* End XCConfigurationList section */
	};
	rootObject = C1CEC8201CDB22DB002A198F /* Project object */;
}
